# This file is automatically @generated by Poetry 1.8.2 and should not be changed by hand.

[[package]]
name = "altgraph"
version = "0.17.4"
description = "Python graph (network) package"
optional = false
python-versions = "*"
files = [
    {file = "altgraph-0.17.4-py2.py3-none-any.whl", hash = "sha256:642743b4750de17e655e6711601b077bc6598dbfa3ba5fa2b2a35ce12b508dff"},
    {file = "altgraph-0.17.4.tar.gz", hash = "sha256:1b5afbb98f6c4dcadb2e2ae6ab9fa994bbb8c1d75f4fa96d340f9437ae454406"},
]

[[package]]
name = "macholib"
version = "1.16.3"
description = "Mach-O header analysis and editing"
optional = false
python-versions = "*"
files = [
    {file = "macholib-1.16.3-py2.py3-none-any.whl", hash = "sha256:0e315d7583d38b8c77e815b1ecbdbf504a8258d8b3e17b61165c6feb60d18f2c"},
    {file = "macholib-1.16.3.tar.gz", hash = "sha256:07ae9e15e8e4cd9a788013d81f5908b3609aa76f9b1421bae9c4d7606ec86a30"},
]

[package.dependencies]
altgraph = ">=0.17"

[[package]]
name = "packaging"
version = "24.0"
description = "Core utilities for Python packages"
optional = false
python-versions = ">=3.7"
files = [
    {file = "packaging-24.0-py3-none-any.whl", hash = "sha256:2ddfb553fdf02fb784c234c7ba6ccc288296ceabec964ad2eae3777778130bc5"},
    {file = "packaging-24.0.tar.gz", hash = "sha256:eb82c5e3e56209074766e6885bb04b8c38a0c015d0a30036ebe7ece34c9989e9"},
]

[[package]]
name = "pefile"
version = "2023.2.7"
description = "Python PE parsing module"
optional = false
python-versions = ">=3.6.0"
files = [
    {file = "pefile-2023.2.7-py3-none-any.whl", hash = "sha256:da185cd2af68c08a6cd4481f7325ed600a88f6a813bad9dea07ab3ef73d8d8d6"},
    {file = "pefile-2023.2.7.tar.gz", hash = "sha256:82e6114004b3d6911c77c3953e3838654b04511b8b66e8583db70c65998017dc"},
]

[[package]]
name = "pyinstaller"
version = "6.6.0"
description = "PyInstaller bundles a Python application and all its dependencies into a single package."
optional = false
python-versions = "<3.13,>=3.8"
files = [
    {file = "pyinstaller-6.6.0-py3-none-macosx_10_13_universal2.whl", hash = "sha256:d2705efe79f8749526f65c4bce70ae88eea8b6adfb051f123122e86542fe3802"},
    {file = "pyinstaller-6.6.0-py3-none-manylinux2014_aarch64.whl", hash = "sha256:2aa771693ee3e0a899be3e9d946a24eab9896a98d0d4035f05a22f1193004cfb"},
    {file = "pyinstaller-6.6.0-py3-none-manylinux2014_i686.whl", hash = "sha256:1fc15e8cebf76361568359a40926aa5746fc0a84ca365fb2ac6caeea014a2cd3"},
    {file = "pyinstaller-6.6.0-py3-none-manylinux2014_ppc64le.whl", hash = "sha256:7c4a55a5d872c118bc7a5e641c2df46ad18585c002d96adad129b4ee8c104463"},
    {file = "pyinstaller-6.6.0-py3-none-manylinux2014_s390x.whl", hash = "sha256:97197593344f11f3dd2bdadbab14c61fbc4cdf9cc692a89b047cb671764c1824"},
    {file = "pyinstaller-6.6.0-py3-none-manylinux2014_x86_64.whl", hash = "sha256:00d81ddeee97710245a7ed03b0f9d5a4daf6c3a07adf978487b10991e1e20470"},
    {file = "pyinstaller-6.6.0-py3-none-musllinux_1_1_aarch64.whl", hash = "sha256:b7cab21db6fcfbdab47ee960239d1b44cd95383a4463177bd592613941d67959"},
    {file = "pyinstaller-6.6.0-py3-none-musllinux_1_1_x86_64.whl", hash = "sha256:00996d2090734d9ae4a1e53ed40351b07d593c37118d3e0d435bbcfa8db9edee"},
    {file = "pyinstaller-6.6.0-py3-none-win32.whl", hash = "sha256:cfe3ed214601de0723cb660994b44934efacb77a1cf0e4cc5133da996bcf36ce"},
    {file = "pyinstaller-6.6.0-py3-none-win_amd64.whl", hash = "sha256:e2f55fbbdf8a99ea84b39bc5669a68624473c303486d7eb2cd9063b339f0aa28"},
    {file = "pyinstaller-6.6.0-py3-none-win_arm64.whl", hash = "sha256:abbd591967593dab264bcc3bcb2466c0a1582f19a112e37e916c4212069c7933"},
    {file = "pyinstaller-6.6.0.tar.gz", hash = "sha256:be6bc2c3073d3e84fb7148d3af33ce9b6a7f01cfb154e06314cd1d4c05798a32"},
]

[package.dependencies]
altgraph = "*"
macholib = {version = ">=1.8", markers = "sys_platform == \"darwin\""}
packaging = ">=22.0"
pefile = {version = ">=2022.5.30", markers = "sys_platform == \"win32\""}
pyinstaller-hooks-contrib = ">=2024.3"
pywin32-ctypes = {version = ">=0.2.1", markers = "sys_platform == \"win32\""}
setuptools = ">=42.0.0"

[package.extras]
completion = ["argcomplete"]
hook-testing = ["execnet (>=1.5.0)", "psutil", "pytest (>=2.7.3)"]

[[package]]
name = "pyinstaller-hooks-contrib"
version = "2024.5"
description = "Community maintained hooks for PyInstaller"
optional = false
python-versions = ">=3.7"
files = [
    {file = "pyinstaller_hooks_contrib-2024.5-py2.py3-none-any.whl", hash = "sha256:0852249b7fb1e9394f8f22af2c22fa5294c2c0366157969f98c96df62410c4c6"},
    {file = "pyinstaller_hooks_contrib-2024.5.tar.gz", hash = "sha256:aa5dee25ea7ca317ad46fa16b5afc8dba3b0e43f2847e498930138885efd3cab"},
]

[package.dependencies]
packaging = ">=22.0"
setuptools = ">=42.0.0"

[[package]]
name = "pymem"
version = "1.13.1"
description = "pymem: python memory access made easy"
optional = false
python-versions = "*"
files = [
    {file = "Pymem-1.13.1-py3-none-any.whl", hash = "sha256:ea1649469d853edae1aadb73072dcb807b547a069b9a6f2c9d106d5376bdc638"},
    {file = "Pymem-1.13.1.tar.gz", hash = "sha256:82b50040e2e85179dc702d93d4857b475e0d2eb449bd5f1c50d3f40eb05ae1ad"},
    {file = "pymem-1.13.1-py3-none-any.whl", hash = "sha256:aa0d1c7ca2e6a769c81734b32c6983ff03affcccb99eb6b9b659cdf04b39fcc9"},
]

[package.extras]
doc = ["recommonmark (==0.7.1)", "sphinx (==4.4.0)", "sphinx-rtd-theme (==1.0.0)"]
speed = ["regex"]
test = ["codecov", "pytest", "pytest-cov", "twine"]

[[package]]
name = "pywin32-ctypes"
version = "0.2.2"
description = "A (partial) reimplementation of pywin32 using ctypes/cffi"
optional = false
python-versions = ">=3.6"
files = [
    {file = "pywin32-ctypes-0.2.2.tar.gz", hash = "sha256:3426e063bdd5fd4df74a14fa3cf80a0b42845a87e1d1e81f6549f9daec593a60"},
    {file = "pywin32_ctypes-0.2.2-py3-none-any.whl", hash = "sha256:bf490a1a709baf35d688fe0ecf980ed4de11d2b3e37b51e5442587a75d9957e7"},
]

[[package]]
name = "setuptools"
version = "69.5.1"
description = "Easily download, build, install, upgrade, and uninstall Python packages"
optional = false
python-versions = ">=3.8"
files = [
    {file = "setuptools-69.5.1-py3-none-any.whl", hash = "sha256:c636ac361bc47580504644275c9ad802c50415c7522212252c033bd15f301f32"},
    {file = "setuptools-69.5.1.tar.gz", hash = "sha256:6c1fccdac05a97e598fb0ae3bbed5904ccb317337a51139dcd51453611bbb987"},
]

[package.extras]
docs = ["furo", "jaraco.packaging (>=9.3)", "jaraco.tidelift (>=1.4)", "pygments-github-lexers (==0.0.5)", "rst.linker (>=1.9)", "sphinx (>=3.5)", "sphinx-favicon", "sphinx-inline-tabs", "sphinx-lint", "sphinx-notfound-page (>=1,<2)", "sphinx-reredirects", "sphinxcontrib-towncrier"]
testing = ["build[virtualenv]", "filelock (>=3.4.0)", "importlib-metadata", "ini2toml[lite] (>=0.9)", "jaraco.develop (>=7.21)", "jaraco.envs (>=2.2)", "jaraco.path (>=3.2.0)", "mypy (==1.9)", "packaging (>=23.2)", "pip (>=19.1)", "pytest (>=6,!=8.1.1)", "pytest-checkdocs (>=2.4)", "pytest-cov", "pytest-enabler (>=2.2)", "pytest-home (>=0.5)", "pytest-mypy", "pytest-perf", "pytest-ruff (>=0.2.1)", "pytest-timeout", "pytest-xdist (>=3)", "tomli", "tomli-w (>=1.0.0)", "virtualenv (>=13.0.0)", "wheel"]
testing-integration = ["build[virtualenv] (>=1.0.3)", "filelock (>=3.4.0)", "jaraco.envs (>=2.2)", "jaraco.path (>=3.2.0)", "packaging (>=23.2)", "pytest", "pytest-enabler", "pytest-xdist", "tomli", "virtualenv (>=13.0.0)", "wheel"]

[metadata]
lock-version = "2.0"
python-versions = "~3.12"
content-hash = "d4f07cbec8216fa40c54d407ed0d36a00843c8d397033881772295ca8ee73e3e"
